// !$*UTF8*$!
{
	archiveVersion = 1;
	classes = {
	};
	objectVersion = 56;
	objects = {

/* Begin PBXBuildFile section */
		A00000000000000000000011 /* OrpytApp.swift in Sources */ = {isa = PBXBuildFile; fileRef = A00000000000000000000001 /* OrpytApp.swift */; };
		A00000000000000000000012 /* Assets/logo.png in Resources */ = {isa = PBXBuildFile; fileRef = A00000000000000000000004 /* Assets/logo.png */; };
		A00000000000000000000015 /* ClockCardViews.swift in Sources */ = {isa = PBXBuildFile; fileRef = A00000000000000000000007 /* ClockCardViews.swift */; };
		A00000000000000000000016 /* Models.swift in Sources */ = {isa = PBXBuildFile; fileRef = A00000000000000000000008 /* Models.swift */; };
		A00000000000000000000017 /* PopoverViews.swift in Sources */ = {isa = PBXBuildFile; fileRef = A00000000000000000000009 /* PopoverViews.swift */; };
		A00000000000000000000018 /* SettingsViews.swift in Sources */ = {isa = PBXBuildFile; fileRef = A0000000000000000000000A /* SettingsViews.swift */; };
		A00000000000000000000019 /* Stores.swift in Sources */ = {isa = PBXBuildFile; fileRef = A0000000000000000000000B /* Stores.swift */; };
		A0000000000000000000001A /* Utilities.swift in Sources */ = {isa = PBXBuildFile; fileRef = A0000000000000000000000C /* Utilities.swift */; };
		A0000000000000000000001B /* WeatherStore.swift in Sources */ = {isa = PBXBuildFile; fileRef = A0000000000000000000000D /* WeatherStore.swift */; };
		A0R000000000000000000001 /* ReviewPromptStore.swift in Sources */ = {isa = PBXBuildFile; fileRef = A0R000000000000000000011 /* ReviewPromptStore.swift */; };
		A0R000000000000000000002 /* ReviewPromptStoreTests.swift in Sources */ = {isa = PBXBuildFile; fileRef = A0R000000000000000000012 /* ReviewPromptStoreTests.swift */; };
		A0T000000000000000000001 /* ClockFormatterTests.swift in Sources */ = {isa = PBXBuildFile; fileRef = A0T000000000000000000011 /* ClockFormatterTests.swift */; };
		A0T000000000000000000002 /* ClockSettingsStoreTests.swift in Sources */ = {isa = PBXBuildFile; fileRef = A0T000000000000000000012 /* ClockSettingsStoreTests.swift */; };
		A0T000000000000000000003 /* TimeZoneCatalogTests.swift in Sources */ = {isa = PBXBuildFile; fileRef = A0T000000000000000000013 /* TimeZoneCatalogTests.swift */; };
		A0T000000000000000000004 /* TimeScrollerTests.swift in Sources */ = {isa = PBXBuildFile; fileRef = A0T000000000000000000014 /* TimeScrollerTests.swift */; };
		A0T000000000000000000005 /* TimeZoneSearchProviderTests.swift in Sources */ = {isa = PBXBuildFile; fileRef = A0T000000000000000000015 /* TimeZoneSearchProviderTests.swift */; };
		A0U000000000000000000001 /* SubscriptionStore.swift in Sources */ = {isa = PBXBuildFile; fileRef = A0U000000000000000000011 /* SubscriptionStore.swift */; };
		A0U000000000000000000002 /* SubscriptionStoreTests.swift in Sources */ = {isa = PBXBuildFile; fileRef = A0U000000000000000000012 /* SubscriptionStoreTests.swift */; };
		A0W000000000000000000001 /* WelcomePeriodStore.swift in Sources */ = {isa = PBXBuildFile; fileRef = A0W000000000000000000011 /* WelcomePeriodStore.swift */; };
		A0P000000000000000000001 /* AgentPulse.swift in Sources */ = {isa = PBXBuildFile; fileRef = A0P000000000000000000011 /* AgentPulse.swift */; };
		A0P000000000000000000002 /* AgentPulseTests.swift in Sources */ = {isa = PBXBuildFile; fileRef = A0P000000000000000000012 /* AgentPulseTests.swift */; };
		A0X000000000000000000001 /* Assets/Assets.xcassets in Resources */ = {isa = PBXBuildFile; fileRef = A0X000000000000000000011 /* Assets/Assets.xcassets */; };
/* End PBXBuildFile section */

/* Begin PBXContainerItemProxy section */
		A0T000000000000000000071 /* PBXContainerItemProxy */ = {
			isa = PBXContainerItemProxy;
			containerPortal = A00000000000000000000042 /* Project object */;
			proxyType = 1;
			remoteGlobalIDString = A00000000000000000000041;
			remoteInfo = Orpyt;
		};
/* End PBXContainerItemProxy section */

/* Begin PBXFileReference section */
		A00000000000000000000001 /* OrpytApp.swift */ = {isa = PBXFileReference; lastKnownFileType = sourcecode.swift; path = OrpytApp.swift; sourceTree = "<group>"; };
		A00000000000000000000002 /* Orpyt.app */ = {isa = PBXFileReference; explicitFileType = wrapper.application; includeInIndex = 0; path = Orpyt.app; sourceTree = BUILT_PRODUCTS_DIR; };
		A00000000000000000000003 /* Orpyt.entitlements */ = {isa = PBXFileReference; lastKnownFileType = text.plist.entitlements; path = Orpyt.entitlements; sourceTree = "<group>"; };
		A00000000000000000000004 /* Assets/logo.png */ = {isa = PBXFileReference; lastKnownFileType = image.png; path = Assets/logo.png; sourceTree = "<group>"; };
		A00000000000000000000005 /* Assets/desktop-orpyt.png */ = {isa = PBXFileReference; lastKnownFileType = image.png; path = "Assets/desktop-orpyt.png"; sourceTree = "<group>"; };
		A00000000000000000000007 /* ClockCardViews.swift */ = {isa = PBXFileReference; lastKnownFileType = sourcecode.swift; path = ClockCardViews.swift; sourceTree = "<group>"; };
		A00000000000000000000008 /* Models.swift */ = {isa = PBXFileReference; lastKnownFileType = sourcecode.swift; path = Models.swift; sourceTree = "<group>"; };
		A00000000000000000000009 /* PopoverViews.swift */ = {isa = PBXFileReference; lastKnownFileType = sourcecode.swift; path = PopoverViews.swift; sourceTree = "<group>"; };
		A0000000000000000000000A /* SettingsViews.swift */ = {isa = PBXFileReference; lastKnownFileType = sourcecode.swift; path = SettingsViews.swift; sourceTree = "<group>"; };
		A0000000000000000000000B /* Stores.swift */ = {isa = PBXFileReference; lastKnownFileType = sourcecode.swift; path = Stores.swift; sourceTree = "<group>"; };
		A0000000000000000000000C /* Utilities.swift */ = {isa = PBXFileReference; lastKnownFileType = sourcecode.swift; path = Utilities.swift; sourceTree = "<group>"; };
		A0000000000000000000000D /* WeatherStore.swift */ = {isa = PBXFileReference; lastKnownFileType = sourcecode.swift; path = WeatherStore.swift; sourceTree = "<group>"; };
		A0000000000000000000001D /* Assets/Orpyt.icns */ = {isa = PBXFileReference; lastKnownFileType = image.icns; path = Assets/Orpyt.icns; sourceTree = "<group>"; };
		A0R000000000000000000011 /* ReviewPromptStore.swift */ = {isa = PBXFileReference; lastKnownFileType = sourcecode.swift; path = ReviewPromptStore.swift; sourceTree = "<group>"; };
		A0R000000000000000000012 /* ReviewPromptStoreTests.swift */ = {isa = PBXFileReference; lastKnownFileType = sourcecode.swift; path = ReviewPromptStoreTests.swift; sourceTree = "<group>"; };
		A0T000000000000000000010 /* OrpytTests.xctest */ = {isa = PBXFileReference; explicitFileType = wrapper.cfbundle; includeInIndex = 0; path = OrpytTests.xctest; sourceTree = BUILT_PRODUCTS_DIR; };
		A0T000000000000000000011 /* ClockFormatterTests.swift */ = {isa = PBXFileReference; lastKnownFileType = sourcecode.swift; path = ClockFormatterTests.swift; sourceTree = "<group>"; };
		A0T000000000000000000012 /* ClockSettingsStoreTests.swift */ = {isa = PBXFileReference; lastKnownFileType = sourcecode.swift; path = ClockSettingsStoreTests.swift; sourceTree = "<group>"; };
		A0T000000000000000000013 /* TimeZoneCatalogTests.swift */ = {isa = PBXFileReference; lastKnownFileType = sourcecode.swift; path = TimeZoneCatalogTests.swift; sourceTree = "<group>"; };
		A0T000000000000000000014 /* TimeScrollerTests.swift */ = {isa = PBXFileReference; lastKnownFileType = sourcecode.swift; path = TimeScrollerTests.swift; sourceTree = "<group>"; };
		A0T000000000000000000015 /* TimeZoneSearchProviderTests.swift */ = {isa = PBXFileReference; lastKnownFileType = sourcecode.swift; path = TimeZoneSearchProviderTests.swift; sourceTree = "<group>"; };
		A0U000000000000000000010 /* OrpytAppStore.entitlements */ = {isa = PBXFileReference; lastKnownFileType = text.plist.entitlements; path = OrpytAppStore.entitlements; sourceTree = "<group>"; };
		A0U000000000000000000011 /* SubscriptionStore.swift */ = {isa = PBXFileReference; lastKnownFileType = sourcecode.swift; path = SubscriptionStore.swift; sourceTree = "<group>"; };
		A0U000000000000000000012 /* SubscriptionStoreTests.swift */ = {isa = PBXFileReference; lastKnownFileType = sourcecode.swift; path = SubscriptionStoreTests.swift; sourceTree = "<group>"; };
		A0W000000000000000000011 /* WelcomePeriodStore.swift */ = {isa = PBXFileReference; lastKnownFileType = sourcecode.swift; path = WelcomePeriodStore.swift; sourceTree = "<group>"; };
		A0P000000000000000000011 /* AgentPulse.swift */ = {isa = PBXFileReference; lastKnownFileType = sourcecode.swift; path = AgentPulse.swift; sourceTree = "<group>"; };
		A0P000000000000000000012 /* AgentPulseTests.swift */ = {isa = PBXFileReference; lastKnownFileType = sourcecode.swift; path = AgentPulseTests.swift; sourceTree = "<group>"; };
		A0X000000000000000000011 /* Assets/Assets.xcassets */ = {isa = PBXFileReference; lastKnownFileType = folder.assetcatalog; path = Assets/Assets.xcassets; sourceTree = "<group>"; };
		A0Y000000000000000000011 /* Orpyt.storekit */ = {isa = PBXFileReference; lastKnownFileType = text; path = Orpyt.storekit; sourceTree = "<group>"; };
/* End PBXFileReference section */

/* Begin PBXFrameworksBuildPhase section */
		A00000000000000000000021 /* Frameworks */ = {
			isa = PBXFrameworksBuildPhase;
			buildActionMask = 2147483647;
			files = (
			);
			runOnlyForDeploymentPostprocessing = 0;
		};
		A0T00000000000000000002F /* Frameworks */ = {
			isa = PBXFrameworksBuildPhase;
			buildActionMask = 2147483647;
			files = (
			);
			runOnlyForDeploymentPostprocessing = 0;
		};
/* End PBXFrameworksBuildPhase section */

/* Begin PBXGroup section */
		A00000000000000000000031 = {
			isa = PBXGroup;
			children = (
				A00000000000000000000032,
				A00000000000000000000033 /* Products */,
				DBAE5A282F9E9AF40097B086 /* Recovered References */,
			);
			sourceTree = "<group>";
		};
		A00000000000000000000032 = {
			isa = PBXGroup;
			children = (
				A00000000000000000000035 /* Sources */,
				A0T000000000000000000080 /* Tests/OrpytTests */,
				A00000000000000000000003 /* Orpyt.entitlements */,
				A0U000000000000000000010 /* OrpytAppStore.entitlements */,
				A0Y000000000000000000011 /* Orpyt.storekit */,
				A00000000000000000000034,
			);
			sourceTree = "<group>";
		};
		A00000000000000000000033 /* Products */ = {
			isa = PBXGroup;
			children = (
				A00000000000000000000002 /* Orpyt.app */,
				A0T000000000000000000010 /* OrpytTests.xctest */,
			);
			name = Products;
			sourceTree = "<group>";
		};
		A00000000000000000000034 = {
			isa = PBXGroup;
			children = (
				A00000000000000000000005 /* Assets/desktop-orpyt.png */,
				A00000000000000000000004 /* Assets/logo.png */,
				A0X000000000000000000011 /* Assets/Assets.xcassets */,
			);
			sourceTree = "<group>";
		};
		A00000000000000000000035 /* Sources */ = {
			isa = PBXGroup;
			children = (
				A00000000000000000000036 /* App */,
				A00000000000000000000037 /* OrpytCore */,
			);
			path = Sources;
			sourceTree = "<group>";
		};
		A00000000000000000000036 /* App */ = {
			isa = PBXGroup;
			children = (
				A00000000000000000000001 /* OrpytApp.swift */,
			);
			path = App;
			sourceTree = "<group>";
		};
		A00000000000000000000037 /* OrpytCore */ = {
			isa = PBXGroup;
			children = (
				A0P000000000000000000011 /* AgentPulse.swift */,
				A00000000000000000000007 /* ClockCardViews.swift */,
				A00000000000000000000008 /* Models.swift */,
				A00000000000000000000009 /* PopoverViews.swift */,
				A0R000000000000000000011 /* ReviewPromptStore.swift */,
				A0000000000000000000000A /* SettingsViews.swift */,
				A0000000000000000000000B /* Stores.swift */,
				A0U000000000000000000011 /* SubscriptionStore.swift */,
				A0000000000000000000000C /* Utilities.swift */,
				A0W000000000000000000011 /* WelcomePeriodStore.swift */,
				A0000000000000000000000D /* WeatherStore.swift */,
			);
			path = OrpytCore;
			sourceTree = "<group>";
		};
		A0T000000000000000000080 /* Tests/OrpytTests */ = {
			isa = PBXGroup;
			children = (
				A0P000000000000000000012 /* AgentPulseTests.swift */,
				A0T000000000000000000011 /* ClockFormatterTests.swift */,
				A0T000000000000000000012 /* ClockSettingsStoreTests.swift */,
				A0T000000000000000000013 /* TimeZoneCatalogTests.swift */,
				A0T000000000000000000014 /* TimeScrollerTests.swift */,
				A0T000000000000000000015 /* TimeZoneSearchProviderTests.swift */,
				A0R000000000000000000012 /* ReviewPromptStoreTests.swift */,
				A0U000000000000000000012 /* SubscriptionStoreTests.swift */,
			);
			path = Tests/OrpytTests;
			sourceTree = "<group>";
		};
		DBAE5A282F9E9AF40097B086 /* Recovered References */ = {
			isa = PBXGroup;
			children = (
				A0000000000000000000001D /* Assets/Orpyt.icns */,
			);
			name = "Recovered References";
			sourceTree = "<group>";
		};
/* End PBXGroup section */

/* Begin PBXNativeTarget section */
		A00000000000000000000041 /* Orpyt */ = {
			isa = PBXNativeTarget;
			buildConfigurationList = A00000000000000000000051 /* Build configuration list for PBXNativeTarget "Orpyt" */;
			buildPhases = (
				A00000000000000000000022 /* Sources */,
				A00000000000000000000021 /* Frameworks */,
				A00000000000000000000023 /* Resources */,
				A0P000000000000000000030 /* Embed Agent Pulse Bridge */,
			);
			buildRules = (
			);
			dependencies = (
			);
			name = Orpyt;
			packageProductDependencies = (
			);
			productName = Orpyt;
			productReference = A00000000000000000000002 /* Orpyt.app */;
			productType = "com.apple.product-type.application";
		};
		A0T00000000000000000004F /* OrpytTests */ = {
			isa = PBXNativeTarget;
			buildConfigurationList = A0T00000000000000000005F /* Build configuration list for PBXNativeTarget "OrpytTests" */;
			buildPhases = (
				A0T00000000000000000003F /* Sources */,
				A0T00000000000000000002F /* Frameworks */,
			);
			buildRules = (
			);
			dependencies = (
				A0T000000000000000000070 /* PBXTargetDependency */,
			);
			name = OrpytTests;
			packageProductDependencies = (
			);
			productName = OrpytTests;
			productReference = A0T000000000000000000010 /* OrpytTests.xctest */;
			productType = "com.apple.product-type.bundle.unit-test";
		};
/* End PBXNativeTarget section */

/* Begin PBXProject section */
		A00000000000000000000042 /* Project object */ = {
			isa = PBXProject;
			attributes = {
				BuildIndependentTargetsInParallel = 1;
				LastSwiftUpdateCheck = 2620;
				LastUpgradeCheck = 2620;
				TargetAttributes = {
					A00000000000000000000041 = {
						CreatedOnToolsVersion = 26.2;
					};
					A0T00000000000000000004F = {
						CreatedOnToolsVersion = 26.2;
					};
				};
			};
			buildConfigurationList = A00000000000000000000052 /* Build configuration list for PBXProject "Orpyt" */;
			compatibilityVersion = "Xcode 14.0";
			developmentRegion = en;
			hasScannedForEncodings = 0;
			knownRegions = (
				en,
				Base,
			);
			mainGroup = A00000000000000000000031;
			packageReferences = (
			);
			productRefGroup = A00000000000000000000033 /* Products */;
			projectDirPath = "";
			projectRoot = "";
			targets = (
				A00000000000000000000041 /* Orpyt */,
				A0T00000000000000000004F /* OrpytTests */,
			);
		};
/* End PBXProject section */

/* Begin PBXResourcesBuildPhase section */
		A00000000000000000000023 /* Resources */ = {
			isa = PBXResourcesBuildPhase;
			buildActionMask = 2147483647;
			files = (
				A00000000000000000000012 /* Assets/logo.png in Resources */,
				A0X000000000000000000001 /* Assets/Assets.xcassets in Resources */,
			);
			runOnlyForDeploymentPostprocessing = 0;
		};
/* End PBXResourcesBuildPhase section */

/* Begin PBXShellScriptBuildPhase section */
		A0P000000000000000000030 /* Embed Agent Pulse Bridge */ = {
			isa = PBXShellScriptBuildPhase;
			buildActionMask = 2147483647;
			files = (
			);
			inputPaths = (
				"$(SRCROOT)/Sources/AgentBridge/main.swift",
				"$(SRCROOT)/Sources/OrpytCore/AgentPulse.swift",
				"$(SRCROOT)/OrpytAgentBridge.entitlements",
			);
			name = "Embed Agent Pulse Bridge";
			outputPaths = (
				"$(TARGET_BUILD_DIR)/$(CONTENTS_FOLDER_PATH)/Helpers/OrpytAgentBridge",
				"$(DWARF_DSYM_FOLDER_PATH)/OrpytAgentBridge.dSYM",
			);
			runOnlyForDeploymentPostprocessing = 0;
			shellPath = /bin/zsh;
			shellScript = "set -euo pipefail\ncd \"$SRCROOT\"\nconfig=$(echo \"$CONFIGURATION\" | tr '[:upper:]' '[:lower:]')\nhelper=\"$TARGET_BUILD_DIR/$CONTENTS_FOLDER_PATH/Helpers/OrpytAgentBridge\"\nmkdir -p \"$(dirname \"$helper\")\"\nbinaries=()\nfor arch in ${=ARCHS}; do\n  scratch=\"$TARGET_TEMP_DIR/AgentBridge-$arch\"\n  swift build -c \"$config\" --product OrpytAgentBridge --triple \"$arch-apple-macosx$MACOSX_DEPLOYMENT_TARGET\" --scratch-path \"$scratch\"\n  binaries+=(\"$scratch/$arch-apple-macosx/$config/OrpytAgentBridge\")\ndone\nif (( ${#binaries[@]} > 1 )); then\n  /usr/bin/lipo -create \"${binaries[@]}\" -output \"$helper\"\nelse\n  cp \"${binaries[1]}\" \"$helper\"\nfi\nchmod +x \"$helper\"\nif [[ \"${DEBUG_INFORMATION_FORMAT:-}\" == \"dwarf-with-dsym\" && -n \"${DWARF_DSYM_FOLDER_PATH:-}\" ]]; then\n  helper_dsym=\"$DWARF_DSYM_FOLDER_PATH/OrpytAgentBridge.dSYM\"\n  rm -rf \"$helper_dsym\"\n  mkdir -p \"$DWARF_DSYM_FOLDER_PATH\"\n  xcrun dsymutil \"$helper\" -o \"$helper_dsym\"\nfi\nif [[ \"${CODE_SIGNING_ALLOWED:-NO}\" != \"NO\" && -n \"${EXPANDED_CODE_SIGN_IDENTITY:-}\" ]]; then\n  /usr/bin/codesign --force --sign \"$EXPANDED_CODE_SIGN_IDENTITY\" --entitlements \"$SRCROOT/OrpytAgentBridge.entitlements\" \"$helper\"\nfi\n";
		};
/* End PBXShellScriptBuildPhase section */

/* Begin PBXSourcesBuildPhase section */
		A00000000000000000000022 /* Sources */ = {
			isa = PBXSourcesBuildPhase;
			buildActionMask = 2147483647;
			files = (
				A0P000000000000000000001 /* AgentPulse.swift in Sources */,
				A00000000000000000000011 /* OrpytApp.swift in Sources */,
				A00000000000000000000015 /* ClockCardViews.swift in Sources */,
				A00000000000000000000016 /* Models.swift in Sources */,
				A00000000000000000000017 /* PopoverViews.swift in Sources */,
				A0R000000000000000000001 /* ReviewPromptStore.swift in Sources */,
				A00000000000000000000018 /* SettingsViews.swift in Sources */,
				A00000000000000000000019 /* Stores.swift in Sources */,
				A0U000000000000000000001 /* SubscriptionStore.swift in Sources */,
				A0000000000000000000001A /* Utilities.swift in Sources */,
				A0W000000000000000000001 /* WelcomePeriodStore.swift in Sources */,
				A0000000000000000000001B /* WeatherStore.swift in Sources */,
			);
			runOnlyForDeploymentPostprocessing = 0;
		};
		A0T00000000000000000003F /* Sources */ = {
			isa = PBXSourcesBuildPhase;
			buildActionMask = 2147483647;
			files = (
				A0P000000000000000000002 /* AgentPulseTests.swift in Sources */,
				A0T000000000000000000001 /* ClockFormatterTests.swift in Sources */,
				A0T000000000000000000002 /* ClockSettingsStoreTests.swift in Sources */,
				A0T000000000000000000003 /* TimeZoneCatalogTests.swift in Sources */,
				A0T000000000000000000004 /* TimeScrollerTests.swift in Sources */,
				A0T000000000000000000005 /* TimeZoneSearchProviderTests.swift in Sources */,
				A0R000000000000000000002 /* ReviewPromptStoreTests.swift in Sources */,
				A0U000000000000000000002 /* SubscriptionStoreTests.swift in Sources */,
			);
			runOnlyForDeploymentPostprocessing = 0;
		};
/* End PBXSourcesBuildPhase section */

/* Begin PBXTargetDependency section */
		A0T000000000000000000070 /* PBXTargetDependency */ = {
			isa = PBXTargetDependency;
			target = A00000000000000000000041 /* Orpyt */;
			targetProxy = A0T000000000000000000071 /* PBXContainerItemProxy */;
		};
/* End PBXTargetDependency section */

/* Begin XCBuildConfiguration section */
		A00000000000000000000061 /* Debug */ = {
			isa = XCBuildConfiguration;
			buildSettings = {
				ALWAYS_EMBED_SWIFT_STANDARD_LIBRARIES = YES;
				ALWAYS_SEARCH_USER_PATHS = NO;
				ASSETCATALOG_COMPILER_APPICON_NAME = AppIcon;
				ASSETCATALOG_COMPILER_GLOBAL_ACCENT_COLOR_NAME = AccentColor;
				AUTOMATION_APPLE_EVENTS = NO;
				CODE_SIGN_ENTITLEMENTS = Orpyt.entitlements;
				CODE_SIGN_IDENTITY = "Apple Development";
				CODE_SIGN_STYLE = Automatic;
				CURRENT_PROJECT_VERSION = 24;
				DEVELOPMENT_TEAM = 6Y48ZAP972;
				ENABLE_APP_SANDBOX = NO;
				ENABLE_HARDENED_RUNTIME = NO;
				ENABLE_RESOURCE_ACCESS_AUDIO_INPUT = NO;
				ENABLE_RESOURCE_ACCESS_CALENDARS = NO;
				ENABLE_RESOURCE_ACCESS_CAMERA = NO;
				ENABLE_RESOURCE_ACCESS_CONTACTS = NO;
				ENABLE_RESOURCE_ACCESS_LOCATION = NO;
				ENABLE_RESOURCE_ACCESS_PHOTO_LIBRARY = NO;
				ENABLE_TESTABILITY = YES;
				GENERATE_INFOPLIST_FILE = NO;
				INFOPLIST_FILE = Info.plist;
				INFOPLIST_KEY_CFBundleDisplayName = Orpyt;
				INFOPLIST_KEY_CFBundleIconFile = Orpyt;
				INFOPLIST_KEY_LSApplicationCategoryType = "public.app-category.productivity";
				INFOPLIST_KEY_LSUIElement = YES;
				INFOPLIST_KEY_NSCalendarsUsageDescription = "Orpyt reads your upcoming events so it can show your next meeting in the popover.";
				INFOPLIST_KEY_NSHumanReadableCopyright = "";
				LD_RUNPATH_SEARCH_PATHS = (
					"$(inherited)",
					"@executable_path/../Frameworks",
				);
				MACOSX_DEPLOYMENT_TARGET = 13.0;
				MARKETING_VERSION = 1.2.2;
				PRODUCT_BUNDLE_IDENTIFIER = com.orpyt.app;
				PRODUCT_MODULE_NAME = OrpytCore;
				PRODUCT_NAME = "$(TARGET_NAME)";
				PROVISIONING_PROFILE_SPECIFIER = "";
				RUNTIME_EXCEPTION_ALLOW_DYLD_ENVIRONMENT_VARIABLES = NO;
				RUNTIME_EXCEPTION_ALLOW_JIT = NO;
				RUNTIME_EXCEPTION_ALLOW_UNSIGNED_EXECUTABLE_MEMORY = NO;
				RUNTIME_EXCEPTION_DEBUGGING_TOOL = NO;
				RUNTIME_EXCEPTION_DISABLE_EXECUTABLE_PAGE_PROTECTION = NO;
				RUNTIME_EXCEPTION_DISABLE_LIBRARY_VALIDATION = NO;
				SDKROOT = macosx;
				SWIFT_ACTIVE_COMPILATION_CONDITIONS = DEBUG;
				SWIFT_EMIT_LOC_STRINGS = YES;
				SWIFT_VERSION = 5.0;
			};
			name = Debug;
		};
		A00000000000000000000062 /* Release */ = {
			isa = XCBuildConfiguration;
			buildSettings = {
				ALWAYS_EMBED_SWIFT_STANDARD_LIBRARIES = YES;
				ALWAYS_SEARCH_USER_PATHS = NO;
				ASSETCATALOG_COMPILER_APPICON_NAME = AppIcon;
				ASSETCATALOG_COMPILER_GLOBAL_ACCENT_COLOR_NAME = AccentColor;
				AUTOMATION_APPLE_EVENTS = NO;
				CODE_SIGN_ENTITLEMENTS = OrpytAppStore.entitlements;
				CODE_SIGN_IDENTITY = "Apple Distribution";
				"CODE_SIGN_IDENTITY[sdk=macosx*]" = "3rd Party Mac Developer Application";
				CODE_SIGN_STYLE = Manual;
				CURRENT_PROJECT_VERSION = 24;
				DEBUG_INFORMATION_FORMAT = "dwarf-with-dsym";
				DEVELOPMENT_TEAM = "";
				"DEVELOPMENT_TEAM[sdk=macosx*]" = 6Y48ZAP972;
				ENABLE_APP_SANDBOX = YES;
				ENABLE_HARDENED_RUNTIME = YES;
				ENABLE_RESOURCE_ACCESS_AUDIO_INPUT = NO;
				ENABLE_RESOURCE_ACCESS_CALENDARS = NO;
				ENABLE_RESOURCE_ACCESS_CAMERA = NO;
				ENABLE_RESOURCE_ACCESS_CONTACTS = NO;
				ENABLE_RESOURCE_ACCESS_LOCATION = NO;
				ENABLE_RESOURCE_ACCESS_PHOTO_LIBRARY = NO;
				GENERATE_INFOPLIST_FILE = NO;
				INFOPLIST_FILE = Info.plist;
				INFOPLIST_KEY_CFBundleDisplayName = Orpyt;
				INFOPLIST_KEY_CFBundleIconFile = Orpyt;
				INFOPLIST_KEY_LSApplicationCategoryType = "public.app-category.productivity";
				INFOPLIST_KEY_LSUIElement = YES;
				INFOPLIST_KEY_NSCalendarsUsageDescription = "Orpyt reads your upcoming events so it can show your next meeting in the popover.";
				INFOPLIST_KEY_NSHumanReadableCopyright = "";
				LD_RUNPATH_SEARCH_PATHS = (
					"$(inherited)",
					"@executable_path/../Frameworks",
				);
				MACOSX_DEPLOYMENT_TARGET = 13.0;
				MARKETING_VERSION = 1.2.2;
				PRODUCT_BUNDLE_IDENTIFIER = com.orpyt.app;
				PRODUCT_MODULE_NAME = OrpytCore;
				PRODUCT_NAME = "$(TARGET_NAME)";
				PROVISIONING_PROFILE_SPECIFIER = "";
				"PROVISIONING_PROFILE_SPECIFIER[sdk=macosx*]" = "Orpyt Mac App Store - Distribution";
				RUNTIME_EXCEPTION_ALLOW_DYLD_ENVIRONMENT_VARIABLES = NO;
				RUNTIME_EXCEPTION_ALLOW_JIT = NO;
				RUNTIME_EXCEPTION_ALLOW_UNSIGNED_EXECUTABLE_MEMORY = NO;
				RUNTIME_EXCEPTION_DEBUGGING_TOOL = NO;
				RUNTIME_EXCEPTION_DISABLE_EXECUTABLE_PAGE_PROTECTION = NO;
				RUNTIME_EXCEPTION_DISABLE_LIBRARY_VALIDATION = NO;
				SDKROOT = macosx;
				SWIFT_EMIT_LOC_STRINGS = YES;
				SWIFT_VERSION = 5.0;
			};
			name = Release;
		};
		A00000000000000000000063 /* Debug */ = {
			isa = XCBuildConfiguration;
			buildSettings = {
				CODE_SIGN_STYLE = Automatic;
				DEVELOPMENT_TEAM = 6Y48ZAP972;
				SWIFT_USE_INTEGRATED_DRIVER = NO;
			};
			name = Debug;
		};
		A00000000000000000000064 /* Release */ = {
			isa = XCBuildConfiguration;
			buildSettings = {
				CODE_SIGN_STYLE = Automatic;
				DEVELOPMENT_TEAM = 6Y48ZAP972;
				SWIFT_USE_INTEGRATED_DRIVER = NO;
			};
			name = Release;
		};
		A0T000000000000000000091 /* Debug */ = {
			isa = XCBuildConfiguration;
			buildSettings = {
				BUNDLE_LOADER = "$(TEST_HOST)";
				CODE_SIGN_STYLE = Automatic;
				DEVELOPMENT_TEAM = 6Y48ZAP972;
				ENABLE_HARDENED_RUNTIME = YES;
				GENERATE_INFOPLIST_FILE = YES;
				LD_RUNPATH_SEARCH_PATHS = (
					"$(inherited)",
					"@executable_path/../Frameworks",
				);
				MACOSX_DEPLOYMENT_TARGET = 13.0;
				PRODUCT_BUNDLE_IDENTIFIER = com.orpyt.app.tests;
				PRODUCT_NAME = "$(TARGET_NAME)";
				SDKROOT = macosx;
				SWIFT_VERSION = 5.0;
				TEST_HOST = "$(BUILT_PRODUCTS_DIR)/Orpyt.app/Contents/MacOS/Orpyt";
			};
			name = Debug;
		};
		A0T000000000000000000092 /* Release */ = {
			isa = XCBuildConfiguration;
			buildSettings = {
				BUNDLE_LOADER = "$(TEST_HOST)";
				CODE_SIGN_STYLE = Automatic;
				DEVELOPMENT_TEAM = 6Y48ZAP972;
				ENABLE_HARDENED_RUNTIME = YES;
				GENERATE_INFOPLIST_FILE = YES;
				LD_RUNPATH_SEARCH_PATHS = (
					"$(inherited)",
					"@executable_path/../Frameworks",
				);
				MACOSX_DEPLOYMENT_TARGET = 13.0;
				PRODUCT_BUNDLE_IDENTIFIER = com.orpyt.app.tests;
				PRODUCT_NAME = "$(TARGET_NAME)";
				SDKROOT = macosx;
				SWIFT_VERSION = 5.0;
				TEST_HOST = "$(BUILT_PRODUCTS_DIR)/Orpyt.app/Contents/MacOS/Orpyt";
			};
			name = Release;
		};
/* End XCBuildConfiguration section */

/* Begin XCConfigurationList section */
		A00000000000000000000051 /* Build configuration list for PBXNativeTarget "Orpyt" */ = {
			isa = XCConfigurationList;
			buildConfigurations = (
				A00000000000000000000061 /* Debug */,
				A00000000000000000000062 /* Release */,
			);
			defaultConfigurationIsVisible = 0;
			defaultConfigurationName = Release;
		};
		A00000000000000000000052 /* Build configuration list for PBXProject "Orpyt" */ = {
			isa = XCConfigurationList;
			buildConfigurations = (
				A00000000000000000000063 /* Debug */,
				A00000000000000000000064 /* Release */,
			);
			defaultConfigurationIsVisible = 0;
			defaultConfigurationName = Release;
		};
		A0T00000000000000000005F /* Build configuration list for PBXNativeTarget "OrpytTests" */ = {
			isa = XCConfigurationList;
			buildConfigurations = (
				A0T000000000000000000091 /* Debug */,
				A0T000000000000000000092 /* Release */,
			);
			defaultConfigurationIsVisible = 0;
			defaultConfigurationName = Release;
		};
/* End XCConfigurationList section */
	};
	rootObject = A00000000000000000000042 /* Project object */;
}
