// !$*UTF8*$!
{
	archiveVersion = 1;
	classes = {
	};
	objectVersion = 56;
	objects = {

/* Begin PBXBuildFile section */
		A0SP000000000000000000001 /* Sparkle in Frameworks */ = {isa = PBXBuildFile; productRef = A0SP000000000000000000002 /* Sparkle */; };
		A00000000000000000000011 /* OrpytApp.swift in Sources */ = {isa = PBXBuildFile; fileRef = A00000000000000000000001 /* OrpytApp.swift */; };
		A00000000000000000000012 /* Assets/logo.png in Resources */ = {isa = PBXBuildFile; fileRef = A00000000000000000000004 /* Assets/logo.png */; };
		A00000000000000000000014 /* Assets/appstore.png in Resources */ = {isa = PBXBuildFile; fileRef = A00000000000000000000006 /* Assets/appstore.png */; };
		A00000000000000000000015 /* ClockCardViews.swift in Sources */ = {isa = PBXBuildFile; fileRef = A00000000000000000000007 /* ClockCardViews.swift */; };
		A00000000000000000000016 /* Models.swift in Sources */ = {isa = PBXBuildFile; fileRef = A00000000000000000000008 /* Models.swift */; };
		A00000000000000000000017 /* PopoverViews.swift in Sources */ = {isa = PBXBuildFile; fileRef = A00000000000000000000009 /* PopoverViews.swift */; };
		A00000000000000000000018 /* SettingsViews.swift in Sources */ = {isa = PBXBuildFile; fileRef = A0000000000000000000000A /* SettingsViews.swift */; };
		A00000000000000000000019 /* Stores.swift in Sources */ = {isa = PBXBuildFile; fileRef = A0000000000000000000000B /* Stores.swift */; };
		A0000000000000000000001A /* Utilities.swift in Sources */ = {isa = PBXBuildFile; fileRef = A0000000000000000000000C /* Utilities.swift */; };
		A0000000000000000000001B /* WeatherStore.swift in Sources */ = {isa = PBXBuildFile; fileRef = A0000000000000000000000D /* WeatherStore.swift */; };
		A0000000000000000000001C /* Assets/Orpyt.icns in Resources */ = {isa = PBXBuildFile; fileRef = A0000000000000000000001D /* Assets/Orpyt.icns */; };
		A0T000000000000000000001 /* ClockFormatterTests.swift in Sources */ = {isa = PBXBuildFile; fileRef = A0T000000000000000000011 /* ClockFormatterTests.swift */; };
		A0T000000000000000000002 /* ClockSettingsStoreTests.swift in Sources */ = {isa = PBXBuildFile; fileRef = A0T000000000000000000012 /* ClockSettingsStoreTests.swift */; };
		A0T000000000000000000003 /* TimeZoneCatalogTests.swift in Sources */ = {isa = PBXBuildFile; fileRef = A0T000000000000000000013 /* TimeZoneCatalogTests.swift */; };
		A0T000000000000000000004 /* TimeScrollerTests.swift in Sources */ = {isa = PBXBuildFile; fileRef = A0T000000000000000000014 /* TimeScrollerTests.swift */; };
		A0T000000000000000000005 /* TimeZoneSearchProviderTests.swift in Sources */ = {isa = PBXBuildFile; fileRef = A0T000000000000000000015 /* TimeZoneSearchProviderTests.swift */; };
		A0T000000000000000000031 /* Sparkle in Frameworks (Tests) */ = {isa = PBXBuildFile; productRef = A0T000000000000000000030 /* Sparkle (Tests) */; };
		A0T000000000000000000021 /* ClockCardViews.swift in TestSources */ = {isa = PBXBuildFile; fileRef = A00000000000000000000007 /* ClockCardViews.swift */; };
		A0T000000000000000000022 /* Models.swift in TestSources */ = {isa = PBXBuildFile; fileRef = A00000000000000000000008 /* Models.swift */; };
		A0T000000000000000000023 /* PopoverViews.swift in TestSources */ = {isa = PBXBuildFile; fileRef = A00000000000000000000009 /* PopoverViews.swift */; };
		A0T000000000000000000024 /* SettingsViews.swift in TestSources */ = {isa = PBXBuildFile; fileRef = A0000000000000000000000A /* SettingsViews.swift */; };
		A0T000000000000000000025 /* Stores.swift in TestSources */ = {isa = PBXBuildFile; fileRef = A0000000000000000000000B /* Stores.swift */; };
		A0T000000000000000000026 /* Utilities.swift in TestSources */ = {isa = PBXBuildFile; fileRef = A0000000000000000000000C /* Utilities.swift */; };
		A0T000000000000000000027 /* WeatherStore.swift in TestSources */ = {isa = PBXBuildFile; fileRef = A0000000000000000000000D /* WeatherStore.swift */; };
/* End PBXBuildFile section */

/* Begin PBXFileReference section */
		A00000000000000000000001 /* OrpytApp.swift */ = {isa = PBXFileReference; lastKnownFileType = sourcecode.swift; path = OrpytApp.swift; sourceTree = "<group>"; };
		A00000000000000000000002 /* Orpyt.app */ = {isa = PBXFileReference; explicitFileType = wrapper.application; includeInIndex = 0; path = Orpyt.app; sourceTree = BUILT_PRODUCTS_DIR; };
		A00000000000000000000003 /* Orpyt.entitlements */ = {isa = PBXFileReference; lastKnownFileType = text.plist.entitlements; path = Orpyt.entitlements; sourceTree = "<group>"; };
		A00000000000000000000004 /* Assets/logo.png */ = {isa = PBXFileReference; lastKnownFileType = image.png; path = Assets/logo.png; sourceTree = "<group>"; };
		A00000000000000000000005 /* Assets/desktop-orpyt.png */ = {isa = PBXFileReference; lastKnownFileType = image.png; path = "Assets/desktop-orpyt.png"; sourceTree = "<group>"; };
		A00000000000000000000006 /* Assets/appstore.png */ = {isa = PBXFileReference; lastKnownFileType = image.png; path = Assets/appstore.png; sourceTree = "<group>"; };
		A00000000000000000000007 /* ClockCardViews.swift */ = {isa = PBXFileReference; lastKnownFileType = sourcecode.swift; path = ClockCardViews.swift; sourceTree = "<group>"; };
		A00000000000000000000008 /* Models.swift */ = {isa = PBXFileReference; lastKnownFileType = sourcecode.swift; path = Models.swift; sourceTree = "<group>"; };
		A00000000000000000000009 /* PopoverViews.swift */ = {isa = PBXFileReference; lastKnownFileType = sourcecode.swift; path = PopoverViews.swift; sourceTree = "<group>"; };
		A0000000000000000000000A /* SettingsViews.swift */ = {isa = PBXFileReference; lastKnownFileType = sourcecode.swift; path = SettingsViews.swift; sourceTree = "<group>"; };
		A0000000000000000000000B /* Stores.swift */ = {isa = PBXFileReference; lastKnownFileType = sourcecode.swift; path = Stores.swift; sourceTree = "<group>"; };
		A0000000000000000000000C /* Utilities.swift */ = {isa = PBXFileReference; lastKnownFileType = sourcecode.swift; path = Utilities.swift; sourceTree = "<group>"; };
		A0000000000000000000000D /* WeatherStore.swift */ = {isa = PBXFileReference; lastKnownFileType = sourcecode.swift; path = WeatherStore.swift; sourceTree = "<group>"; };
		A0000000000000000000001D /* Assets/Orpyt.icns */ = {isa = PBXFileReference; lastKnownFileType = image.icns; path = Assets/Orpyt.icns; sourceTree = "<group>"; };
		A0T000000000000000000010 /* OrpytTests.xctest */ = {isa = PBXFileReference; explicitFileType = wrapper.cfbundle; includeInIndex = 0; path = OrpytTests.xctest; sourceTree = BUILT_PRODUCTS_DIR; };
		A0T000000000000000000011 /* ClockFormatterTests.swift */ = {isa = PBXFileReference; lastKnownFileType = sourcecode.swift; path = ClockFormatterTests.swift; sourceTree = "<group>"; };
		A0T000000000000000000012 /* ClockSettingsStoreTests.swift */ = {isa = PBXFileReference; lastKnownFileType = sourcecode.swift; path = ClockSettingsStoreTests.swift; sourceTree = "<group>"; };
		A0T000000000000000000013 /* TimeZoneCatalogTests.swift */ = {isa = PBXFileReference; lastKnownFileType = sourcecode.swift; path = TimeZoneCatalogTests.swift; sourceTree = "<group>"; };
		A0T000000000000000000014 /* TimeScrollerTests.swift */ = {isa = PBXFileReference; lastKnownFileType = sourcecode.swift; path = TimeScrollerTests.swift; sourceTree = "<group>"; };
		A0T000000000000000000015 /* TimeZoneSearchProviderTests.swift */ = {isa = PBXFileReference; lastKnownFileType = sourcecode.swift; path = TimeZoneSearchProviderTests.swift; sourceTree = "<group>"; };
/* End PBXFileReference section */

/* Begin PBXFrameworksBuildPhase section */
		A00000000000000000000021 /* Frameworks */ = {
			isa = PBXFrameworksBuildPhase;
			buildActionMask = 2147483647;
			files = (
				A0SP000000000000000000001 /* Sparkle in Frameworks */,
			);
			runOnlyForDeploymentPostprocessing = 0;
		};
		A0T00000000000000000002F /* Frameworks (Tests) */ = {
			isa = PBXFrameworksBuildPhase;
			buildActionMask = 2147483647;
			files = (
				A0T000000000000000000031 /* Sparkle in Frameworks (Tests) */,
			);
			runOnlyForDeploymentPostprocessing = 0;
		};
/* End PBXFrameworksBuildPhase section */

/* Begin PBXGroup section */
		A00000000000000000000031 = {
			isa = PBXGroup;
			children = (
				A00000000000000000000032,
				A00000000000000000000033 /* Products */,
			);
			sourceTree = "<group>";
		};
		A00000000000000000000032 = {
			isa = PBXGroup;
			children = (
				A00000000000000000000035 /* Sources */,
				A0T000000000000000000080 /* Tests */,
				A00000000000000000000003 /* Orpyt.entitlements */,
				A00000000000000000000034,
			);
			sourceTree = "<group>";
		};
		A00000000000000000000033 /* Products */ = {
			isa = PBXGroup;
			children = (
				A00000000000000000000002 /* Orpyt.app */,
				A0T000000000000000000010 /* OrpytTests.xctest */,
			);
			name = Products;
			sourceTree = "<group>";
		};
		A0T000000000000000000080 /* Tests */ = {
			isa = PBXGroup;
			children = (
				A0T000000000000000000011 /* ClockFormatterTests.swift */,
				A0T000000000000000000012 /* ClockSettingsStoreTests.swift */,
				A0T000000000000000000013 /* TimeZoneCatalogTests.swift */,
				A0T000000000000000000014 /* TimeScrollerTests.swift */,
				A0T000000000000000000015 /* TimeZoneSearchProviderTests.swift */,
			);
			path = Tests/OrpytTests;
			sourceTree = "<group>";
		};
		A00000000000000000000034 = {
			isa = PBXGroup;
			children = (
				A00000000000000000000006 /* Assets/appstore.png */,
				A00000000000000000000005 /* Assets/desktop-orpyt.png */,
				A00000000000000000000004 /* Assets/logo.png */,
			);
			sourceTree = "<group>";
		};
		A00000000000000000000035 /* Sources */ = {
			isa = PBXGroup;
			children = (
				A00000000000000000000036 /* App */,
				A00000000000000000000037 /* OrpytCore */,
			);
			path = Sources;
			sourceTree = "<group>";
		};
		A00000000000000000000036 /* App */ = {
			isa = PBXGroup;
			children = (
				A00000000000000000000001 /* OrpytApp.swift */,
			);
			path = App;
			sourceTree = "<group>";
		};
		A00000000000000000000037 /* OrpytCore */ = {
			isa = PBXGroup;
			children = (
				A00000000000000000000007 /* ClockCardViews.swift */,
				A00000000000000000000008 /* Models.swift */,
				A00000000000000000000009 /* PopoverViews.swift */,
				A0000000000000000000000A /* SettingsViews.swift */,
				A0000000000000000000000B /* Stores.swift */,
				A0000000000000000000000C /* Utilities.swift */,
				A0000000000000000000000D /* WeatherStore.swift */,
			);
			path = OrpytCore;
			sourceTree = "<group>";
		};
/* End PBXGroup section */

/* Begin PBXNativeTarget section */
		A00000000000000000000041 /* Orpyt */ = {
			isa = PBXNativeTarget;
			buildConfigurationList = A00000000000000000000051 /* Build configuration list for PBXNativeTarget "Orpyt" */;
			buildPhases = (
				A00000000000000000000022 /* Sources */,
				A00000000000000000000021 /* Frameworks */,
				A00000000000000000000023 /* Resources */,
			);
			buildRules = (
			);
			dependencies = (
			);
			name = Orpyt;
			packageProductDependencies = (
				A0SP000000000000000000002 /* Sparkle */,
			);
			productName = Orpyt;
			productReference = A00000000000000000000002 /* Orpyt.app */;
			productType = "com.apple.product-type.application";
		};
		A0T00000000000000000004F /* OrpytTests */ = {
			isa = PBXNativeTarget;
			buildConfigurationList = A0T00000000000000000005F /* Build configuration list for PBXNativeTarget "OrpytTests" */;
			buildPhases = (
				A0T00000000000000000003F /* Sources (Tests) */,
				A0T00000000000000000002F /* Frameworks (Tests) */,
			);
			buildRules = (
			);
			dependencies = (
				A0T000000000000000000070 /* PBXTargetDependency */,
			);
			name = OrpytTests;
			packageProductDependencies = (
				A0T000000000000000000030 /* Sparkle */,
			);
			productName = OrpytTests;
			productReference = A0T000000000000000000010 /* OrpytTests.xctest */;
			productType = "com.apple.product-type.bundle.unit-test";
		};
/* End PBXNativeTarget section */

/* Begin PBXTargetDependency section */
		A0T000000000000000000070 /* PBXTargetDependency */ = {
			isa = PBXTargetDependency;
			target = A00000000000000000000041 /* Orpyt */;
			targetProxy = A0T000000000000000000071 /* PBXContainerItemProxy */;
		};
/* End PBXTargetDependency section */

/* Begin PBXContainerItemProxy section */
		A0T000000000000000000071 /* PBXContainerItemProxy */ = {
			isa = PBXContainerItemProxy;
			containerPortal = A00000000000000000000042 /* Project object */;
			proxyType = 1;
			remoteGlobalIDString = A00000000000000000000041;
			remoteInfo = Orpyt;
		};
/* End PBXContainerItemProxy section */

/* Begin PBXProject section */
		A00000000000000000000042 /* Project object */ = {
			isa = PBXProject;
			attributes = {
				BuildIndependentTargetsInParallel = 1;
				LastSwiftUpdateCheck = 2620;
				LastUpgradeCheck = 2620;
				TargetAttributes = {
					A00000000000000000000041 = {
						CreatedOnToolsVersion = 26.2;
					};
					A0T00000000000000000004F = {
						CreatedOnToolsVersion = 26.2;
					};
				};
			};
			buildConfigurationList = A00000000000000000000052 /* Build configuration list for PBXProject "Orpyt" */;
			compatibilityVersion = "Xcode 14.0";
			developmentRegion = en;
			hasScannedForEncodings = 0;
			knownRegions = (
				en,
				Base,
			);
			mainGroup = A00000000000000000000031;
			productRefGroup = A00000000000000000000033 /* Products */;
			packageReferences = (
				A0SP000000000000000000003 /* XCRemoteSwiftPackageReference "Sparkle" */,
			);
			projectDirPath = "";
			projectRoot = "";
			targets = (
				A00000000000000000000041 /* Orpyt */,
				A0T00000000000000000004F /* OrpytTests */,
			);
		};
/* End PBXProject section */

/* Begin PBXResourcesBuildPhase section */
		A00000000000000000000023 /* Resources */ = {
			isa = PBXResourcesBuildPhase;
			buildActionMask = 2147483647;
			files = (
				A00000000000000000000014 /* Assets/appstore.png in Resources */,
				A00000000000000000000012 /* Assets/logo.png in Resources */,
				A0000000000000000000001C /* Assets/Orpyt.icns in Resources */,
			);
			runOnlyForDeploymentPostprocessing = 0;
		};
/* End PBXResourcesBuildPhase section */


/* Begin PBXSourcesBuildPhase section */
		A00000000000000000000022 /* Sources */ = {
			isa = PBXSourcesBuildPhase;
			buildActionMask = 2147483647;
			files = (
				A00000000000000000000011 /* OrpytApp.swift in Sources */,
				A00000000000000000000015 /* ClockCardViews.swift in Sources */,
				A00000000000000000000016 /* Models.swift in Sources */,
				A00000000000000000000017 /* PopoverViews.swift in Sources */,
				A00000000000000000000018 /* SettingsViews.swift in Sources */,
				A00000000000000000000019 /* Stores.swift in Sources */,
				A0000000000000000000001A /* Utilities.swift in Sources */,
				A0000000000000000000001B /* WeatherStore.swift in Sources */,
			);
			runOnlyForDeploymentPostprocessing = 0;
		};
		A0T00000000000000000003F /* Sources (Tests) */ = {
			isa = PBXSourcesBuildPhase;
			buildActionMask = 2147483647;
			files = (
				A0T000000000000000000001 /* ClockFormatterTests.swift in Sources */,
				A0T000000000000000000002 /* ClockSettingsStoreTests.swift in Sources */,
				A0T000000000000000000003 /* TimeZoneCatalogTests.swift in Sources */,
				A0T000000000000000000004 /* TimeScrollerTests.swift in Sources */,
				A0T000000000000000000005 /* TimeZoneSearchProviderTests.swift in Sources */,
			);
			runOnlyForDeploymentPostprocessing = 0;
		};
/* End PBXSourcesBuildPhase section */

/* Begin XCBuildConfiguration section */
		A00000000000000000000061 /* Debug */ = {
			isa = XCBuildConfiguration;
			buildSettings = {
				ALWAYS_SEARCH_USER_PATHS = NO;
				ENABLE_TESTABILITY = YES;
				ASSETCATALOG_COMPILER_GLOBAL_ACCENT_COLOR_NAME = AccentColor;
				CODE_SIGN_ENTITLEMENTS = Orpyt.entitlements;
				CODE_SIGN_IDENTITY = "Apple Development";
				CODE_SIGN_STYLE = Automatic;
				CURRENT_PROJECT_VERSION = 9;
				DEVELOPMENT_TEAM = 95NDRZT8W5;
				ENABLE_APP_SANDBOX = NO;
				ENABLE_HARDENED_RUNTIME = YES;
				GENERATE_INFOPLIST_FILE = NO;
				INFOPLIST_FILE = Info.plist;
				INFOPLIST_KEY_CFBundleDisplayName = Orpyt;
				INFOPLIST_KEY_CFBundleIconFile = Orpyt;
				INFOPLIST_KEY_LSApplicationCategoryType = "public.app-category.productivity";
				INFOPLIST_KEY_LSUIElement = YES;
				INFOPLIST_KEY_NSCalendarsUsageDescription = "Orpyt reads your upcoming events so it can show your next meeting in the popover.";
				INFOPLIST_KEY_NSHumanReadableCopyright = "";
				ALWAYS_EMBED_SWIFT_STANDARD_LIBRARIES = YES;
				INFOPLIST_KEY_SUFeedURL = "https://aihtshamali.github.io/orpyt/appcast.xml";
				INFOPLIST_KEY_SUPublicEDKey = "l7mFiSL0LO6g/76lt3/wASqfDPLyDxr/S04y4gq0tkw=";
				LD_RUNPATH_SEARCH_PATHS = ("$(inherited)", "@executable_path/../Frameworks");
				IPHONEOS_DEPLOYMENT_TARGET = 13.0;
				MACOSX_DEPLOYMENT_TARGET = 13.0;
				MARKETING_VERSION = 1.0.13;
				PRODUCT_BUNDLE_IDENTIFIER = com.orpyt.clocks;
				PRODUCT_MODULE_NAME = OrpytCore;
				PRODUCT_NAME = "$(TARGET_NAME)";
				PROVISIONING_PROFILE_SPECIFIER = "";
				SDKROOT = macosx;
				SWIFT_EMIT_LOC_STRINGS = YES;
				SWIFT_VERSION = 5.0;
			};
			name = Debug;
		};
		A00000000000000000000062 /* Release */ = {
			isa = XCBuildConfiguration;
			buildSettings = {
				ALWAYS_SEARCH_USER_PATHS = NO;
				ASSETCATALOG_COMPILER_GLOBAL_ACCENT_COLOR_NAME = AccentColor;
				CODE_SIGN_ENTITLEMENTS = Orpyt.entitlements;
				CODE_SIGN_IDENTITY = "Apple Development";
				CODE_SIGN_STYLE = Automatic;
				CURRENT_PROJECT_VERSION = 9;
				DEVELOPMENT_TEAM = 95NDRZT8W5;
				ENABLE_APP_SANDBOX = NO;
				ENABLE_HARDENED_RUNTIME = YES;
				GENERATE_INFOPLIST_FILE = NO;
				INFOPLIST_FILE = Info.plist;
				INFOPLIST_KEY_CFBundleDisplayName = Orpyt;
				INFOPLIST_KEY_CFBundleIconFile = Orpyt;
				INFOPLIST_KEY_LSApplicationCategoryType = "public.app-category.productivity";
				INFOPLIST_KEY_LSUIElement = YES;
				INFOPLIST_KEY_NSCalendarsUsageDescription = "Orpyt reads your upcoming events so it can show your next meeting in the popover.";
				INFOPLIST_KEY_NSHumanReadableCopyright = "";
				ALWAYS_EMBED_SWIFT_STANDARD_LIBRARIES = YES;
				INFOPLIST_KEY_SUFeedURL = "https://aihtshamali.github.io/orpyt/appcast.xml";
				INFOPLIST_KEY_SUPublicEDKey = "l7mFiSL0LO6g/76lt3/wASqfDPLyDxr/S04y4gq0tkw=";
				LD_RUNPATH_SEARCH_PATHS = ("$(inherited)", "@executable_path/../Frameworks");
				MACOSX_DEPLOYMENT_TARGET = 13.0;
				MARKETING_VERSION = 1.0.13;
				PRODUCT_BUNDLE_IDENTIFIER = com.orpyt.clocks;
				PRODUCT_NAME = "$(TARGET_NAME)";
				PROVISIONING_PROFILE_SPECIFIER = "";
				SDKROOT = macosx;
				SWIFT_EMIT_LOC_STRINGS = YES;
				SWIFT_VERSION = 5.0;
			};
			name = Release;
		};
		A00000000000000000000063 /* Debug */ = {
			isa = XCBuildConfiguration;
			buildSettings = {
				CODE_SIGN_STYLE = Automatic;
				DEVELOPMENT_TEAM = 95NDRZT8W5;
				SWIFT_USE_INTEGRATED_DRIVER = NO;
			};
			name = Debug;
		};
		A00000000000000000000064 /* Release */ = {
			isa = XCBuildConfiguration;
			buildSettings = {
				CODE_SIGN_STYLE = Automatic;
				DEVELOPMENT_TEAM = 95NDRZT8W5;
				SWIFT_USE_INTEGRATED_DRIVER = NO;
			};
			name = Release;
		};
		A0T000000000000000000091 /* Debug (Tests) */ = {
			isa = XCBuildConfiguration;
			buildSettings = {
				BUNDLE_LOADER = "$(TEST_HOST)";
				CODE_SIGN_STYLE = Automatic;
				DEVELOPMENT_TEAM = 95NDRZT8W5;
				ENABLE_HARDENED_RUNTIME = YES;
				GENERATE_INFOPLIST_FILE = YES;
				LD_RUNPATH_SEARCH_PATHS = ("$(inherited)", "@executable_path/../Frameworks");
				MACOSX_DEPLOYMENT_TARGET = 13.0;
				PRODUCT_BUNDLE_IDENTIFIER = com.orpyt.clocks.tests;
				PRODUCT_NAME = "$(TARGET_NAME)";
				SDKROOT = macosx;
				SWIFT_VERSION = 5.0;
				TEST_HOST = "$(BUILT_PRODUCTS_DIR)/Orpyt.app/Contents/MacOS/Orpyt";
			};
			name = Debug;
		};
		A0T000000000000000000092 /* Release (Tests) */ = {
			isa = XCBuildConfiguration;
			buildSettings = {
				BUNDLE_LOADER = "$(TEST_HOST)";
				CODE_SIGN_STYLE = Automatic;
				DEVELOPMENT_TEAM = 95NDRZT8W5;
				ENABLE_HARDENED_RUNTIME = YES;
				GENERATE_INFOPLIST_FILE = YES;
				LD_RUNPATH_SEARCH_PATHS = ("$(inherited)", "@executable_path/../Frameworks");
				MACOSX_DEPLOYMENT_TARGET = 13.0;
				PRODUCT_BUNDLE_IDENTIFIER = com.orpyt.clocks.tests;
				PRODUCT_NAME = "$(TARGET_NAME)";
				SDKROOT = macosx;
				SWIFT_VERSION = 5.0;
				TEST_HOST = "$(BUILT_PRODUCTS_DIR)/Orpyt.app/Contents/MacOS/Orpyt";
			};
			name = Release;
		};
/* End XCBuildConfiguration section */

/* Begin XCConfigurationList section */
		A00000000000000000000051 /* Build configuration list for PBXNativeTarget "Orpyt" */ = {
			isa = XCConfigurationList;
			buildConfigurations = (
				A00000000000000000000061 /* Debug */,
				A00000000000000000000062 /* Release */,
			);
			defaultConfigurationIsVisible = 0;
			defaultConfigurationName = Release;
		};
		A00000000000000000000052 /* Build configuration list for PBXProject "Orpyt" */ = {
			isa = XCConfigurationList;
			buildConfigurations = (
				A00000000000000000000063 /* Debug */,
				A00000000000000000000064 /* Release */,
			);
			defaultConfigurationIsVisible = 0;
			defaultConfigurationName = Release;
		};
		A0T00000000000000000005F /* Build configuration list for PBXNativeTarget "OrpytTests" */ = {
			isa = XCConfigurationList;
			buildConfigurations = (
				A0T000000000000000000091 /* Debug (Tests) */,
				A0T000000000000000000092 /* Release (Tests) */,
			);
			defaultConfigurationIsVisible = 0;
			defaultConfigurationName = Release;
		};
/* End XCConfigurationList section */

/* Begin XCRemoteSwiftPackageReference section */
		A0SP000000000000000000003 /* XCRemoteSwiftPackageReference "Sparkle" */ = {
			isa = XCRemoteSwiftPackageReference;
			repositoryURL = "https://github.com/sparkle-project/Sparkle";
			requirement = {
				kind = upToNextMajorVersion;
				minimumVersion = 2.0.0;
			};
		};
/* End XCRemoteSwiftPackageReference section */

/* Begin XCSwiftPackageProductDependency section */
		A0SP000000000000000000002 /* Sparkle */ = {
			isa = XCSwiftPackageProductDependency;
			package = A0SP000000000000000000003 /* XCRemoteSwiftPackageReference "Sparkle" */;
			productName = Sparkle;
		};
		A0SP000000000000000000006 /* Sparkle */ = {
			isa = XCSwiftPackageProductDependency;
			package = A0SP000000000000000000003 /* XCRemoteSwiftPackageReference "Sparkle" */;
			productName = Sparkle;
		};
		A0T000000000000000000030 /* Sparkle (Tests) */ = {
			isa = XCSwiftPackageProductDependency;
			package = A0SP000000000000000000003 /* XCRemoteSwiftPackageReference "Sparkle" */;
			productName = Sparkle;
		};
/* End XCSwiftPackageProductDependency section */
	};
	rootObject = A00000000000000000000042 /* Project object */;
}
